
Microsoft Visual Studio Solution File, Format Version 12.00
# Visual Studio Version 17
VisualStudioVersion = 17.9.34622.214
MinimumVisualStudioVersion = 10.0.40219.1
Project("{FAE04EC0-301F-11D3-BF4B-00C04F79EFBC}") = "MyHashTable", "MyHashTable\MyHashTable.csproj", "{851462ED-880C-4ACF-8DD4-30860A712C96}"
EndProject
Global
	GlobalSection(SolutionConfigurationPlatforms) = preSolution
		Debug|Any CPU = Debug|Any CPU
		Release|Any CPU = Release|Any CPU
	EndGlobalSection
	GlobalSection(ProjectConfigurationPlatforms) = postSolution
		{851462ED-880C-4ACF-8DD4-30860A712C96}.Debug|Any CPU.ActiveCfg = Debug|Any CPU
		{851462ED-880C-4ACF-8DD4-30860A712C96}.Debug|Any CPU.Build.0 = Debug|Any CPU
		{851462ED-880C-4ACF-8DD4-30860A712C96}.Release|Any CPU.ActiveCfg = Release|Any CPU
		{851462ED-880C-4ACF-8DD4-30860A712C96}.Release|Any CPU.Build.0 = Release|Any CPU
	EndGlobalSection
	GlobalSection(SolutionProperties) = preSolution
		HideSolutionNode = FALSE
	EndGlobalSection
	GlobalSection(ExtensibilityGlobals) = postSolution
		SolutionGuid = {D3B013F0-C850-4DCB-B48F-A931E47CB5BC}
	EndGlobalSection
EndGlobal
